
Microsoft Visual Studio Solution File, Format Version 12.00
Project("{FAE04EC0-301F-11D3-BF4B-00C04F79EFBC}") = "PracticeWithTypes", "PracticeWithTypes\PracticeWithTypes.csproj", "{EDE0B0F1-57C2-47D1-B0EB-9B62373671F1}"
EndProject
Project("{FAE04EC0-301F-11D3-BF4B-00C04F79EFBC}") = "Models", "..\..\Application\Models\Models\Models.csproj", "{1875915C-C88E-4A45-B093-95AC6FA55904}"
EndProject
Project("{FAE04EC0-301F-11D3-BF4B-00C04F79EFBC}") = "Services", "..\..\Application\Services\Services\Services.csproj", "{EB9F0EC4-C960-4B4E-986A-66745CC22291}"
EndProject
Global
	GlobalSection(SolutionConfigurationPlatforms) = preSolution
		Debug|Any CPU = Debug|Any CPU
		Release|Any CPU = Release|Any CPU
	EndGlobalSection
	GlobalSection(ProjectConfigurationPlatforms) = postSolution
		{EDE0B0F1-57C2-47D1-B0EB-9B62373671F1}.Debug|Any CPU.ActiveCfg = Debug|Any CPU
		{EDE0B0F1-57C2-47D1-B0EB-9B62373671F1}.Debug|Any CPU.Build.0 = Debug|Any CPU
		{EDE0B0F1-57C2-47D1-B0EB-9B62373671F1}.Release|Any CPU.ActiveCfg = Release|Any CPU
		{EDE0B0F1-57C2-47D1-B0EB-9B62373671F1}.Release|Any CPU.Build.0 = Release|Any CPU
		{1875915C-C88E-4A45-B093-95AC6FA55904}.Debug|Any CPU.ActiveCfg = Debug|Any CPU
		{1875915C-C88E-4A45-B093-95AC6FA55904}.Debug|Any CPU.Build.0 = Debug|Any CPU
		{1875915C-C88E-4A45-B093-95AC6FA55904}.Release|Any CPU.ActiveCfg = Release|Any CPU
		{1875915C-C88E-4A45-B093-95AC6FA55904}.Release|Any CPU.Build.0 = Release|Any CPU
		{EB9F0EC4-C960-4B4E-986A-66745CC22291}.Debug|Any CPU.ActiveCfg = Debug|Any CPU
		{EB9F0EC4-C960-4B4E-986A-66745CC22291}.Debug|Any CPU.Build.0 = Debug|Any CPU
		{EB9F0EC4-C960-4B4E-986A-66745CC22291}.Release|Any CPU.ActiveCfg = Release|Any CPU
		{EB9F0EC4-C960-4B4E-986A-66745CC22291}.Release|Any CPU.Build.0 = Release|Any CPU
	EndGlobalSection
EndGlobal
