
Microsoft Visual Studio Solution File, Format Version 12.00
Project("{2150E333-8FDC-42A3-9474-1A3956D46DE8}") = "Events", "Events", "{ACF2CC2C-B9E5-4862-9958-B7FEAE255EDE}"
EndProject
Project("{2150E333-8FDC-42A3-9474-1A3956D46DE8}") = "Type conversion", "Type conversion", "{A3EDAECF-8560-4117-894B-A14132D43074}"
EndProject
Project("{2150E333-8FDC-42A3-9474-1A3956D46DE8}") = "Value types", "Value types", "{2A9C071B-F14B-40E0-995B-1A46E4808722}"
EndProject
Project("{FAE04EC0-301F-11D3-BF4B-00C04F79EFBC}") = "Models", "1 value types\Application\Models\Models.csproj", "{DA7DDD26-7303-4BB2-893C-1AEE2FE9F7A2}"
EndProject
Project("{FAE04EC0-301F-11D3-BF4B-00C04F79EFBC}") = "PracticeWithTypes", "1 value types\Tools\PracticeWithTypes\PracticeWithTypes.csproj", "{495DC984-7188-4486-BC9C-22F3E0399418}"
EndProject
Project("{FAE04EC0-301F-11D3-BF4B-00C04F79EFBC}") = "Models", "2 type conversion\Application\Models\Models.csproj", "{F8CB7B2D-F823-4B53-9832-AC8B18F61DD3}"
EndProject
Project("{FAE04EC0-301F-11D3-BF4B-00C04F79EFBC}") = "Services", "2 type conversion\Application\Services\Services.csproj", "{7CA4D4D5-002D-4AF2-A503-4F82CC3CBEDC}"
EndProject
Project("{FAE04EC0-301F-11D3-BF4B-00C04F79EFBC}") = "PracticeWithTypes", "2 type conversion\Tools\PracticeWithTypes\PracticeWithTypes.csproj", "{E7D6BE01-18D8-4AD6-A93D-7FFC093430F0}"
EndProject
Project("{FAE04EC0-301F-11D3-BF4B-00C04F79EFBC}") = "Services", "3 events\Application\Services\Services.csproj", "{B35FF826-5966-4A34-B90A-2C85DFDDF22A}"
EndProject
Project("{FAE04EC0-301F-11D3-BF4B-00C04F79EFBC}") = "EventsListNumbers", "3 events\Tools\EventsListNumbers\EventsListNumbers.csproj", "{EA177B80-96AB-4230-BD0B-2FA08907FDBC}"
EndProject
Project("{FAE04EC0-301F-11D3-BF4B-00C04F79EFBC}") = "EventsThreedNumbers", "3 events\Tools\EventsThreedNumbers\EventsThreedNumbers.csproj", "{CF184BA7-851D-4D46-91AF-343CB1C58CAD}"
EndProject
Global
	GlobalSection(SolutionConfigurationPlatforms) = preSolution
		Debug|Any CPU = Debug|Any CPU
		Release|Any CPU = Release|Any CPU
	EndGlobalSection
	GlobalSection(NestedProjects) = preSolution
		{DA7DDD26-7303-4BB2-893C-1AEE2FE9F7A2} = {2A9C071B-F14B-40E0-995B-1A46E4808722}
		{495DC984-7188-4486-BC9C-22F3E0399418} = {2A9C071B-F14B-40E0-995B-1A46E4808722}
		{F8CB7B2D-F823-4B53-9832-AC8B18F61DD3} = {A3EDAECF-8560-4117-894B-A14132D43074}
		{7CA4D4D5-002D-4AF2-A503-4F82CC3CBEDC} = {A3EDAECF-8560-4117-894B-A14132D43074}
		{E7D6BE01-18D8-4AD6-A93D-7FFC093430F0} = {A3EDAECF-8560-4117-894B-A14132D43074}
		{B35FF826-5966-4A34-B90A-2C85DFDDF22A} = {ACF2CC2C-B9E5-4862-9958-B7FEAE255EDE}
		{EA177B80-96AB-4230-BD0B-2FA08907FDBC} = {ACF2CC2C-B9E5-4862-9958-B7FEAE255EDE}
		{CF184BA7-851D-4D46-91AF-343CB1C58CAD} = {ACF2CC2C-B9E5-4862-9958-B7FEAE255EDE}
	EndGlobalSection
	GlobalSection(ProjectConfigurationPlatforms) = postSolution
		{DA7DDD26-7303-4BB2-893C-1AEE2FE9F7A2}.Debug|Any CPU.ActiveCfg = Debug|Any CPU
		{DA7DDD26-7303-4BB2-893C-1AEE2FE9F7A2}.Debug|Any CPU.Build.0 = Debug|Any CPU
		{DA7DDD26-7303-4BB2-893C-1AEE2FE9F7A2}.Release|Any CPU.ActiveCfg = Release|Any CPU
		{DA7DDD26-7303-4BB2-893C-1AEE2FE9F7A2}.Release|Any CPU.Build.0 = Release|Any CPU
		{495DC984-7188-4486-BC9C-22F3E0399418}.Debug|Any CPU.ActiveCfg = Debug|Any CPU
		{495DC984-7188-4486-BC9C-22F3E0399418}.Debug|Any CPU.Build.0 = Debug|Any CPU
		{495DC984-7188-4486-BC9C-22F3E0399418}.Release|Any CPU.ActiveCfg = Release|Any CPU
		{495DC984-7188-4486-BC9C-22F3E0399418}.Release|Any CPU.Build.0 = Release|Any CPU
		{F8CB7B2D-F823-4B53-9832-AC8B18F61DD3}.Debug|Any CPU.ActiveCfg = Debug|Any CPU
		{F8CB7B2D-F823-4B53-9832-AC8B18F61DD3}.Debug|Any CPU.Build.0 = Debug|Any CPU
		{F8CB7B2D-F823-4B53-9832-AC8B18F61DD3}.Release|Any CPU.ActiveCfg = Release|Any CPU
		{F8CB7B2D-F823-4B53-9832-AC8B18F61DD3}.Release|Any CPU.Build.0 = Release|Any CPU
		{7CA4D4D5-002D-4AF2-A503-4F82CC3CBEDC}.Debug|Any CPU.ActiveCfg = Debug|Any CPU
		{7CA4D4D5-002D-4AF2-A503-4F82CC3CBEDC}.Debug|Any CPU.Build.0 = Debug|Any CPU
		{7CA4D4D5-002D-4AF2-A503-4F82CC3CBEDC}.Release|Any CPU.ActiveCfg = Release|Any CPU
		{7CA4D4D5-002D-4AF2-A503-4F82CC3CBEDC}.Release|Any CPU.Build.0 = Release|Any CPU
		{E7D6BE01-18D8-4AD6-A93D-7FFC093430F0}.Debug|Any CPU.ActiveCfg = Debug|Any CPU
		{E7D6BE01-18D8-4AD6-A93D-7FFC093430F0}.Debug|Any CPU.Build.0 = Debug|Any CPU
		{E7D6BE01-18D8-4AD6-A93D-7FFC093430F0}.Release|Any CPU.ActiveCfg = Release|Any CPU
		{E7D6BE01-18D8-4AD6-A93D-7FFC093430F0}.Release|Any CPU.Build.0 = Release|Any CPU
		{B35FF826-5966-4A34-B90A-2C85DFDDF22A}.Debug|Any CPU.ActiveCfg = Debug|Any CPU
		{B35FF826-5966-4A34-B90A-2C85DFDDF22A}.Debug|Any CPU.Build.0 = Debug|Any CPU
		{B35FF826-5966-4A34-B90A-2C85DFDDF22A}.Release|Any CPU.ActiveCfg = Release|Any CPU
		{B35FF826-5966-4A34-B90A-2C85DFDDF22A}.Release|Any CPU.Build.0 = Release|Any CPU
		{EA177B80-96AB-4230-BD0B-2FA08907FDBC}.Debug|Any CPU.ActiveCfg = Debug|Any CPU
		{EA177B80-96AB-4230-BD0B-2FA08907FDBC}.Debug|Any CPU.Build.0 = Debug|Any CPU
		{EA177B80-96AB-4230-BD0B-2FA08907FDBC}.Release|Any CPU.ActiveCfg = Release|Any CPU
		{EA177B80-96AB-4230-BD0B-2FA08907FDBC}.Release|Any CPU.Build.0 = Release|Any CPU
		{CF184BA7-851D-4D46-91AF-343CB1C58CAD}.Debug|Any CPU.ActiveCfg = Debug|Any CPU
		{CF184BA7-851D-4D46-91AF-343CB1C58CAD}.Debug|Any CPU.Build.0 = Debug|Any CPU
		{CF184BA7-851D-4D46-91AF-343CB1C58CAD}.Release|Any CPU.ActiveCfg = Release|Any CPU
		{CF184BA7-851D-4D46-91AF-343CB1C58CAD}.Release|Any CPU.Build.0 = Release|Any CPU
	EndGlobalSection
EndGlobal
