
Microsoft Visual Studio Solution File, Format Version 12.00
Project("{2150E333-8FDC-42A3-9474-1A3956D46DE8}") = "3 Events", "3 Events", "{ACF2CC2C-B9E5-4862-9958-B7FEAE255EDE}"
EndProject
Project("{2150E333-8FDC-42A3-9474-1A3956D46DE8}") = "2 Type conversion", "2 Type conversion", "{A3EDAECF-8560-4117-894B-A14132D43074}"
EndProject
Project("{2150E333-8FDC-42A3-9474-1A3956D46DE8}") = "1 Value types", "1 Value types", "{2A9C071B-F14B-40E0-995B-1A46E4808722}"
EndProject
Project("{FAE04EC0-301F-11D3-BF4B-00C04F79EFBC}") = "Models", "1 value types\Application\Models\Models.csproj", "{DA7DDD26-7303-4BB2-893C-1AEE2FE9F7A2}"
EndProject
Project("{FAE04EC0-301F-11D3-BF4B-00C04F79EFBC}") = "PracticeWithTypes", "1 value types\Tools\PracticeWithTypes\PracticeWithTypes.csproj", "{495DC984-7188-4486-BC9C-22F3E0399418}"
EndProject
Project("{FAE04EC0-301F-11D3-BF4B-00C04F79EFBC}") = "PracticeWithTypes", "2 type conversion\Tools\PracticeWithTypes\PracticeWithTypes.csproj", "{E7D6BE01-18D8-4AD6-A93D-7FFC093430F0}"
EndProject
Project("{FAE04EC0-301F-11D3-BF4B-00C04F79EFBC}") = "Services", "3 events\Application\Services\Services.csproj", "{B35FF826-5966-4A34-B90A-2C85DFDDF22A}"
EndProject
Project("{FAE04EC0-301F-11D3-BF4B-00C04F79EFBC}") = "EventsQueueNumber", "3 events\Tools\EventsQueueNumber\EventsQueueNumber.csproj", "{EA177B80-96AB-4230-BD0B-2FA08907FDBC}"
EndProject
Project("{FAE04EC0-301F-11D3-BF4B-00C04F79EFBC}") = "EventsStreamNumber", "3 events\Tools\EventsStreamNumber\EventsStreamNumber.csproj", "{CF184BA7-851D-4D46-91AF-343CB1C58CAD}"
EndProject
Project("{2150E333-8FDC-42A3-9474-1A3956D46DE8}") = "4 List and dictionary", "4 List and dictionary", "{7D8ADCE2-16B5-4872-B3BE-52C1827E4375}"
EndProject
Project("{FAE04EC0-301F-11D3-BF4B-00C04F79EFBC}") = "PracticeWithListAndDictionary", "4 list and dictionary\Tools\PracticeWithListAndDictionary\PracticeWithListAndDictionary.csproj", "{D67F8D9D-C02A-4465-BFE5-8232D58E366E}"
EndProject
Project("{2150E333-8FDC-42A3-9474-1A3956D46DE8}") = "5 Equals and GetHashCode", "5 Equals and GetHashCode", "{B489360D-BBCE-4104-B7B8-F3FA49506AB7}"
EndProject
Project("{FAE04EC0-301F-11D3-BF4B-00C04F79EFBC}") = "PracticeWithEqualsAndGetHashCode", "5 equals and getHashCode\Tools\PracticeWithEqualsAndGetHashCode\PracticeWithEqualsAndGetHashCode.csproj", "{1BDB56D9-7428-4CDE-9D0F-5015CAD3CF59}"
EndProject
Project("{FAE04EC0-301F-11D3-BF4B-00C04F79EFBC}") = "ServiceTests", "5 equals and getHashCode\Application\ServiceTests\ServiceTests.csproj", "{C45E5D27-7A88-4BFE-A9F8-AC0D1CD8E383}"
EndProject
Project("{2150E333-8FDC-42A3-9474-1A3956D46DE8}") = "6 IComparable", "6 IComparable", "{F8363610-2D21-447A-AD15-8245E636B7B5}"
EndProject
Project("{FAE04EC0-301F-11D3-BF4B-00C04F79EFBC}") = "PracticeWithIComparable", "6 IComparable\Tools\PracticeWithIComparable\PracticeWithIComparable.csproj", "{A0F273AF-488A-41C8-88C3-85395CB8E330}"
EndProject
Project("{FAE04EC0-301F-11D3-BF4B-00C04F79EFBC}") = "Services", "6 IComparable\Application\Services\Services.csproj", "{99979489-A751-4C5D-A39C-FFB796D8913B}"
EndProject
Project("{FAE04EC0-301F-11D3-BF4B-00C04F79EFBC}") = "Models", "6 IComparable\Application\Models\Models.csproj", "{B6767A5B-3E49-4EC2-A418-1EDF85D1DC06}"
EndProject
Project("{2150E333-8FDC-42A3-9474-1A3956D46DE8}") = "7 Exception", "7 Exception", "{405EB230-8E25-4416-AFA8-A4A16A0A9151}"
EndProject
Project("{2150E333-8FDC-42A3-9474-1A3956D46DE8}") = "Tools", "Tools", "{05E6E7C3-2923-4F41-A5B4-C0D2FB3688CE}"
EndProject
Project("{2150E333-8FDC-42A3-9474-1A3956D46DE8}") = "Application", "Application", "{8F9E2279-2EE6-4292-8C6D-8F412AC1A571}"
EndProject
Project("{FAE04EC0-301F-11D3-BF4B-00C04F79EFBC}") = "PracticeWithException", "7 Exception\Tools\PracticeWithException\PracticeWithException.csproj", "{8AD4C215-37D8-436B-ABF3-F5B78050AF2E}"
EndProject
Project("{2150E333-8FDC-42A3-9474-1A3956D46DE8}") = "Application", "Application", "{BA644C82-F9FA-4E66-A21C-65442220CF90}"
EndProject
Project("{2150E333-8FDC-42A3-9474-1A3956D46DE8}") = "Tools", "Tools", "{04DB7EA2-CDFF-4726-9EAB-B60990A14D74}"
EndProject
Project("{2150E333-8FDC-42A3-9474-1A3956D46DE8}") = "Application", "Application", "{FF4F48C9-E470-4BC2-8FBA-FB73D4E761D7}"
EndProject
Project("{2150E333-8FDC-42A3-9474-1A3956D46DE8}") = "Tools", "Tools", "{354168B4-EFB3-4F19-AE82-0E87FAA6430B}"
EndProject
Project("{2150E333-8FDC-42A3-9474-1A3956D46DE8}") = "Application", "Application", "{E19EF4DD-650C-4E58-B441-4F25EAFDEAC3}"
EndProject
Project("{2150E333-8FDC-42A3-9474-1A3956D46DE8}") = "Tools", "Tools", "{90203A61-E334-4C73-A7C7-38B63CCD403B}"
EndProject
Project("{2150E333-8FDC-42A3-9474-1A3956D46DE8}") = "Tools", "Tools", "{02FABC6E-B318-4607-B0A4-61D1816F4403}"
EndProject
Project("{2150E333-8FDC-42A3-9474-1A3956D46DE8}") = "Application", "Application", "{EA5DBD00-E4DF-40A7-A24D-D1278754EDDA}"
EndProject
Project("{2150E333-8FDC-42A3-9474-1A3956D46DE8}") = "Tools", "Tools", "{94EA247D-545E-4B61-ACE2-C059B36B9A3E}"
EndProject
Project("{2150E333-8FDC-42A3-9474-1A3956D46DE8}") = "Application", "Application", "{BED166A2-E8CB-4971-8D69-5E6D44304A25}"
EndProject
Project("{2150E333-8FDC-42A3-9474-1A3956D46DE8}") = "Tools", "Tools", "{0717D168-555A-4358-BD5A-546D41AC510C}"
EndProject
Project("{FAE04EC0-301F-11D3-BF4B-00C04F79EFBC}") = "ServiceTests", "7 Exception\Application\ServiceTests\ServiceTests.csproj", "{9592474B-2D74-4CDD-9F71-128D68C907E2}"
EndProject
Project("{2150E333-8FDC-42A3-9474-1A3956D46DE8}") = "8 IEnumerable", "8 IEnumerable", "{F60BA2CE-D039-42DB-9A31-89586B6E67F9}"
EndProject
Project("{2150E333-8FDC-42A3-9474-1A3956D46DE8}") = "Application", "Application", "{AE282A6F-0A42-447E-B943-563264A0B921}"
EndProject
Project("{2150E333-8FDC-42A3-9474-1A3956D46DE8}") = "Tools", "Tools", "{A5217E79-8098-494D-9573-5FE0837E2728}"
EndProject
Project("{FAE04EC0-301F-11D3-BF4B-00C04F79EFBC}") = "Services", "8 IEnumerable\Application\Services\Services.csproj", "{91A16BA3-367E-41D9-93C7-260E6A3C6B80}"
EndProject
Project("{FAE04EC0-301F-11D3-BF4B-00C04F79EFBC}") = "ServiceTests", "8 IEnumerable\Application\ServiceTests\ServiceTests.csproj", "{5FAA6B87-19D1-450B-82FB-8E14C32F6222}"
EndProject
Project("{FAE04EC0-301F-11D3-BF4B-00C04F79EFBC}") = "PracticeWithIEnumerable", "8 IEnumerable\Tools\PracticeWithIEnumerable\PracticeWithIEnumerable.csproj", "{62774FAF-66CC-4823-A8EC-BC2E613EC5CF}"
EndProject
Project("{2150E333-8FDC-42A3-9474-1A3956D46DE8}") = "9 Generic type", "9 Generic type", "{469EA784-D098-41FA-A650-C88305E89FB4}"
EndProject
Project("{2150E333-8FDC-42A3-9474-1A3956D46DE8}") = "Application", "Application", "{10A87A0E-B1EC-4841-950A-9C7298557A70}"
EndProject
Project("{2150E333-8FDC-42A3-9474-1A3956D46DE8}") = "Tools", "Tools", "{E3F77354-4BF8-496B-97A6-B69C9D128BAF}"
EndProject
Project("{FAE04EC0-301F-11D3-BF4B-00C04F79EFBC}") = "PracticeWitchGenericType", "9 Generic type\Tools\PracticeWitchGenericType\PracticeWitchGenericType.csproj", "{0012EDA3-7507-48E2-A4ED-757DA821A726}"
EndProject
Project("{FAE04EC0-301F-11D3-BF4B-00C04F79EFBC}") = "Services", "9 Generic type\Application\Services\Services.csproj", "{790F7C7E-F92A-4E9E-AE47-CF9CAB9DB3A6}"
EndProject
Project("{FAE04EC0-301F-11D3-BF4B-00C04F79EFBC}") = "ServiceTests", "9 Generic type\Application\ServiceTests\ServiceTests.csproj", "{52835E91-D6FD-4B60-A15A-4505ABD8EF7A}"
EndProject
Project("{2150E333-8FDC-42A3-9474-1A3956D46DE8}") = "12 EntityFramework", "12 EntityFramework", "{1FA74123-A21D-4221-A3B4-A5B12AF1543A}"
EndProject
Project("{2150E333-8FDC-42A3-9474-1A3956D46DE8}") = "Application", "Application", "{69C2008E-7A37-4D3A-84FD-B05B06C3FF76}"
EndProject
Project("{2150E333-8FDC-42A3-9474-1A3956D46DE8}") = "Tools", "Tools", "{95FF177C-1BFC-4EDE-9234-A4848684DD89}"
EndProject
Project("{FAE04EC0-301F-11D3-BF4B-00C04F79EFBC}") = "ServiceTests", "12 EntityFramework\Application\ServiceTests\ServiceTests.csproj", "{FA0F02EE-D6CD-43C4-A228-E59FB6E272A8}"
EndProject
Project("{FAE04EC0-301F-11D3-BF4B-00C04F79EFBC}") = "PracticeWithEntityFramework", "12 EntityFramework\Tools\PracticeWithEntityFramework\PracticeWithEntityFramework.csproj", "{F8E1EC59-EE63-40B1-9C30-43B38818DC89}"
EndProject
Project("{FAE04EC0-301F-11D3-BF4B-00C04F79EFBC}") = "Services", "12 EntityFramework\Application\Services\Services.csproj", "{D9D0FD14-274C-4777-9F5D-759626F8D455}"
EndProject
Project("{2150E333-8FDC-42A3-9474-1A3956D46DE8}") = "13 IDisposable", "13 IDisposable", "{8A6570A1-D1BB-40CC-A9C5-AECB0C3DA98B}"
EndProject
Project("{2150E333-8FDC-42A3-9474-1A3956D46DE8}") = "Application", "Application", "{B323AA44-DE05-4349-B81F-7AFBB39F3250}"
EndProject
Project("{2150E333-8FDC-42A3-9474-1A3956D46DE8}") = "Tools", "Tools", "{818C8014-A2B7-47D7-8D91-B0BC41207F3A}"
EndProject
Project("{FAE04EC0-301F-11D3-BF4B-00C04F79EFBC}") = "PracticeWithIDisposable", "13 IDisposable\tools\PracticeWithIDisposable\PracticeWithIDisposable.csproj", "{0B509A59-C58C-4517-B855-85A6419E47D0}"
EndProject
Project("{FAE04EC0-301F-11D3-BF4B-00C04F79EFBC}") = "Services", "13 IDisposable\Application\Services\Services.csproj", "{0F85CE15-CA66-4731-85DF-025615757E07}"
EndProject
Project("{2150E333-8FDC-42A3-9474-1A3956D46DE8}") = "14 FileStream", "14 FileStream", "{CC1C33B7-BF3B-4DF7-91F3-097F6E2B4A37}"
EndProject
Project("{2150E333-8FDC-42A3-9474-1A3956D46DE8}") = "Application", "Application", "{BA328FC6-1C86-41D1-B0BC-513A44BBFDED}"
EndProject
Project("{2150E333-8FDC-42A3-9474-1A3956D46DE8}") = "Tools", "Tools", "{0116DF95-0BB8-491D-9395-09EC7B2385FC}"
EndProject
Project("{FAE04EC0-301F-11D3-BF4B-00C04F79EFBC}") = "Services", "14 FileStream\Application\Services\Services.csproj", "{6930B43D-08C6-4478-AD75-024C3D00C209}"
EndProject
Project("{FAE04EC0-301F-11D3-BF4B-00C04F79EFBC}") = "ServiceTests", "14 FileStream\Application\ServiceTests\ServiceTests.csproj", "{3B4FFCCE-4717-42A4-925B-7AB04798727F}"
EndProject
Project("{FAE04EC0-301F-11D3-BF4B-00C04F79EFBC}") = "PracticeWithFileStream", "14 FileStream\Tools\PracticeWithFileStream\PracticeWithFileStream.csproj", "{9777BED3-F3C8-4EE9-99FA-BCD8EB9D5011}"
EndProject
Project("{2150E333-8FDC-42A3-9474-1A3956D46DE8}") = "15 Extensions", "15 Extensions", "{9EBBF75C-D0B0-4B93-90F1-50957469CB7A}"
EndProject
Project("{2150E333-8FDC-42A3-9474-1A3956D46DE8}") = "Application", "Application", "{FA0CC95B-C2DF-4B17-BCBD-361A9C5F6BA7}"
EndProject
Project("{2150E333-8FDC-42A3-9474-1A3956D46DE8}") = "Tools", "Tools", "{3FAB987B-BD1C-43E3-B85D-83C1226FA3B1}"
EndProject
Project("{FAE04EC0-301F-11D3-BF4B-00C04F79EFBC}") = "Service", "15 Extensions\Application\Service\Service.csproj", "{36810FF4-7615-435D-98E8-87133D0364B0}"
EndProject
Project("{FAE04EC0-301F-11D3-BF4B-00C04F79EFBC}") = "PracticeWithExtensions", "15 Extensions\Tools\PracticeWithExtensions\PracticeWithExtensions.csproj", "{6BDDDF67-4A18-41DF-BEE7-96B76008CDDD}"
EndProject
Project("{2150E333-8FDC-42A3-9474-1A3956D46DE8}") = "16 Multithreading", "16 Multithreading", "{D499BCE1-654D-4D04-9D14-ECD96E7551A9}"
EndProject
Project("{2150E333-8FDC-42A3-9474-1A3956D46DE8}") = "Application", "Application", "{9AD0EA32-641D-41C9-A562-D6D8310B6C5E}"
EndProject
Project("{2150E333-8FDC-42A3-9474-1A3956D46DE8}") = "Tools", "Tools", "{EDF9AA57-7831-45C9-9D8B-75A9815C6C81}"
EndProject
Project("{FAE04EC0-301F-11D3-BF4B-00C04F79EFBC}") = "PracticeWithMultithreading", "16 Multithreading\Tools\PracticeWithMultithreading\PracticeWithMultithreading.csproj", "{9794DA9D-E0CA-4DB4-AF57-E83CB2A3753F}"
EndProject
Project("{FAE04EC0-301F-11D3-BF4B-00C04F79EFBC}") = "Services", "16 Multithreading\Application\Services\Services.csproj", "{E07462F1-4DDE-461C-B9B2-94293482268E}"
EndProject
Project("{FAE04EC0-301F-11D3-BF4B-00C04F79EFBC}") = "ServiceTests", "16 Multithreading\Application\ServiceTests\ServiceTests.csproj", "{83037E71-93CC-4AC3-BDB7-FF35EA576226}"
EndProject
Project("{2150E333-8FDC-42A3-9474-1A3956D46DE8}") = "17-18 Task Async Await", "17-18 Task Async Await", "{5A81CB47-51F4-49BF-A0FA-AFFF9DC3AFCE}"
EndProject
Project("{2150E333-8FDC-42A3-9474-1A3956D46DE8}") = "Application", "Application", "{EA07DF00-C912-4189-800E-6DCF381D8A64}"
EndProject
Project("{2150E333-8FDC-42A3-9474-1A3956D46DE8}") = "Tools", "Tools", "{B9447C3E-4C60-49F6-85A1-C1EADAA9D6C5}"
EndProject
Project("{FAE04EC0-301F-11D3-BF4B-00C04F79EFBC}") = "Services", "17-18 Task Async Await\Application\Services\Services.csproj", "{A1A2FD85-856C-4E22-9111-D6FDEBE077C1}"
EndProject
Project("{FAE04EC0-301F-11D3-BF4B-00C04F79EFBC}") = "ServiceTests", "17-18 Task Async Await\Application\ServiceTests\ServiceTests.csproj", "{547AB0CB-8D11-404C-B895-35CB0AD6E66D}"
EndProject
Project("{FAE04EC0-301F-11D3-BF4B-00C04F79EFBC}") = "PracticeWithTask", "17-18 Task Async Await\Tools\PracticeWithTask\PracticeWithTask.csproj", "{08D3829A-DC60-4016-A5B1-9FDFF9C2DD75}"
EndProject
Project("{2150E333-8FDC-42A3-9474-1A3956D46DE8}") = "19 Serialization", "19 Serialization", "{2ED1DDC5-7436-4CD5-98E8-040065A9EAF7}"
EndProject
Project("{2150E333-8FDC-42A3-9474-1A3956D46DE8}") = "Application", "Application", "{9D4045F9-56FE-4A3D-9679-7C8B158444FD}"
EndProject
Project("{2150E333-8FDC-42A3-9474-1A3956D46DE8}") = "Tools", "Tools", "{29778B68-9480-49B6-957C-53C132325909}"
EndProject
Project("{FAE04EC0-301F-11D3-BF4B-00C04F79EFBC}") = "ServiceTests", "19 Serialization\Application\ServiceTests\ServiceTests.csproj", "{060A44A6-7DEC-4469-AFB8-013FDFBEC1CC}"
EndProject
Project("{FAE04EC0-301F-11D3-BF4B-00C04F79EFBC}") = "PracticeWithSerialization", "19 Serialization\Tools\PracticeWithSerialization\PracticeWithSerialization.csproj", "{501E6FB3-F469-481F-813A-96BDE9EEBECA}"
EndProject
Project("{2150E333-8FDC-42A3-9474-1A3956D46DE8}") = "banking system library", "banking system library", "{D8C20F2E-8F34-4C0A-9138-4C6757A340DA}"
EndProject
Project("{FAE04EC0-301F-11D3-BF4B-00C04F79EFBC}") = "BankingSystemServices", "banking system library\BankingSystemServices\BankingSystemServices.csproj", "{6D994436-1D65-47D5-A87E-8629E1558D3B}"
EndProject
Project("{FAE04EC0-301F-11D3-BF4B-00C04F79EFBC}") = "Services", "7 Exception\Application\Services\Services.csproj", "{253D71CD-BDA7-48AD-89D4-7F3C2CBDE1EE}"
EndProject
Global
	GlobalSection(SolutionConfigurationPlatforms) = preSolution
		Debug|Any CPU = Debug|Any CPU
		Release|Any CPU = Release|Any CPU
	EndGlobalSection
	GlobalSection(NestedProjects) = preSolution
		{05E6E7C3-2923-4F41-A5B4-C0D2FB3688CE} = {405EB230-8E25-4416-AFA8-A4A16A0A9151}
		{8F9E2279-2EE6-4292-8C6D-8F412AC1A571} = {405EB230-8E25-4416-AFA8-A4A16A0A9151}
		{8AD4C215-37D8-436B-ABF3-F5B78050AF2E} = {05E6E7C3-2923-4F41-A5B4-C0D2FB3688CE}
		{BA644C82-F9FA-4E66-A21C-65442220CF90} = {2A9C071B-F14B-40E0-995B-1A46E4808722}
		{04DB7EA2-CDFF-4726-9EAB-B60990A14D74} = {2A9C071B-F14B-40E0-995B-1A46E4808722}
		{DA7DDD26-7303-4BB2-893C-1AEE2FE9F7A2} = {BA644C82-F9FA-4E66-A21C-65442220CF90}
		{495DC984-7188-4486-BC9C-22F3E0399418} = {04DB7EA2-CDFF-4726-9EAB-B60990A14D74}
		{FF4F48C9-E470-4BC2-8FBA-FB73D4E761D7} = {A3EDAECF-8560-4117-894B-A14132D43074}
		{354168B4-EFB3-4F19-AE82-0E87FAA6430B} = {A3EDAECF-8560-4117-894B-A14132D43074}
		{E7D6BE01-18D8-4AD6-A93D-7FFC093430F0} = {354168B4-EFB3-4F19-AE82-0E87FAA6430B}
		{E19EF4DD-650C-4E58-B441-4F25EAFDEAC3} = {ACF2CC2C-B9E5-4862-9958-B7FEAE255EDE}
		{90203A61-E334-4C73-A7C7-38B63CCD403B} = {ACF2CC2C-B9E5-4862-9958-B7FEAE255EDE}
		{B35FF826-5966-4A34-B90A-2C85DFDDF22A} = {E19EF4DD-650C-4E58-B441-4F25EAFDEAC3}
		{EA177B80-96AB-4230-BD0B-2FA08907FDBC} = {90203A61-E334-4C73-A7C7-38B63CCD403B}
		{CF184BA7-851D-4D46-91AF-343CB1C58CAD} = {90203A61-E334-4C73-A7C7-38B63CCD403B}
		{02FABC6E-B318-4607-B0A4-61D1816F4403} = {7D8ADCE2-16B5-4872-B3BE-52C1827E4375}
		{D67F8D9D-C02A-4465-BFE5-8232D58E366E} = {02FABC6E-B318-4607-B0A4-61D1816F4403}
		{EA5DBD00-E4DF-40A7-A24D-D1278754EDDA} = {B489360D-BBCE-4104-B7B8-F3FA49506AB7}
		{C45E5D27-7A88-4BFE-A9F8-AC0D1CD8E383} = {EA5DBD00-E4DF-40A7-A24D-D1278754EDDA}
		{94EA247D-545E-4B61-ACE2-C059B36B9A3E} = {B489360D-BBCE-4104-B7B8-F3FA49506AB7}
		{1BDB56D9-7428-4CDE-9D0F-5015CAD3CF59} = {94EA247D-545E-4B61-ACE2-C059B36B9A3E}
		{BED166A2-E8CB-4971-8D69-5E6D44304A25} = {F8363610-2D21-447A-AD15-8245E636B7B5}
		{B6767A5B-3E49-4EC2-A418-1EDF85D1DC06} = {BED166A2-E8CB-4971-8D69-5E6D44304A25}
		{99979489-A751-4C5D-A39C-FFB796D8913B} = {BED166A2-E8CB-4971-8D69-5E6D44304A25}
		{0717D168-555A-4358-BD5A-546D41AC510C} = {F8363610-2D21-447A-AD15-8245E636B7B5}
		{A0F273AF-488A-41C8-88C3-85395CB8E330} = {0717D168-555A-4358-BD5A-546D41AC510C}
		{9592474B-2D74-4CDD-9F71-128D68C907E2} = {8F9E2279-2EE6-4292-8C6D-8F412AC1A571}
		{AE282A6F-0A42-447E-B943-563264A0B921} = {F60BA2CE-D039-42DB-9A31-89586B6E67F9}
		{A5217E79-8098-494D-9573-5FE0837E2728} = {F60BA2CE-D039-42DB-9A31-89586B6E67F9}
		{91A16BA3-367E-41D9-93C7-260E6A3C6B80} = {AE282A6F-0A42-447E-B943-563264A0B921}
		{5FAA6B87-19D1-450B-82FB-8E14C32F6222} = {AE282A6F-0A42-447E-B943-563264A0B921}
		{62774FAF-66CC-4823-A8EC-BC2E613EC5CF} = {A5217E79-8098-494D-9573-5FE0837E2728}
		{10A87A0E-B1EC-4841-950A-9C7298557A70} = {469EA784-D098-41FA-A650-C88305E89FB4}
		{E3F77354-4BF8-496B-97A6-B69C9D128BAF} = {469EA784-D098-41FA-A650-C88305E89FB4}
		{0012EDA3-7507-48E2-A4ED-757DA821A726} = {E3F77354-4BF8-496B-97A6-B69C9D128BAF}
		{790F7C7E-F92A-4E9E-AE47-CF9CAB9DB3A6} = {10A87A0E-B1EC-4841-950A-9C7298557A70}
		{52835E91-D6FD-4B60-A15A-4505ABD8EF7A} = {10A87A0E-B1EC-4841-950A-9C7298557A70}
		{69C2008E-7A37-4D3A-84FD-B05B06C3FF76} = {1FA74123-A21D-4221-A3B4-A5B12AF1543A}
		{95FF177C-1BFC-4EDE-9234-A4848684DD89} = {1FA74123-A21D-4221-A3B4-A5B12AF1543A}
		{FA0F02EE-D6CD-43C4-A228-E59FB6E272A8} = {69C2008E-7A37-4D3A-84FD-B05B06C3FF76}
		{F8E1EC59-EE63-40B1-9C30-43B38818DC89} = {95FF177C-1BFC-4EDE-9234-A4848684DD89}
		{D9D0FD14-274C-4777-9F5D-759626F8D455} = {69C2008E-7A37-4D3A-84FD-B05B06C3FF76}
		{B323AA44-DE05-4349-B81F-7AFBB39F3250} = {8A6570A1-D1BB-40CC-A9C5-AECB0C3DA98B}
		{818C8014-A2B7-47D7-8D91-B0BC41207F3A} = {8A6570A1-D1BB-40CC-A9C5-AECB0C3DA98B}
		{0B509A59-C58C-4517-B855-85A6419E47D0} = {818C8014-A2B7-47D7-8D91-B0BC41207F3A}
		{0F85CE15-CA66-4731-85DF-025615757E07} = {B323AA44-DE05-4349-B81F-7AFBB39F3250}
		{BA328FC6-1C86-41D1-B0BC-513A44BBFDED} = {CC1C33B7-BF3B-4DF7-91F3-097F6E2B4A37}
		{0116DF95-0BB8-491D-9395-09EC7B2385FC} = {CC1C33B7-BF3B-4DF7-91F3-097F6E2B4A37}
		{6930B43D-08C6-4478-AD75-024C3D00C209} = {BA328FC6-1C86-41D1-B0BC-513A44BBFDED}
		{3B4FFCCE-4717-42A4-925B-7AB04798727F} = {BA328FC6-1C86-41D1-B0BC-513A44BBFDED}
		{9777BED3-F3C8-4EE9-99FA-BCD8EB9D5011} = {0116DF95-0BB8-491D-9395-09EC7B2385FC}
		{FA0CC95B-C2DF-4B17-BCBD-361A9C5F6BA7} = {9EBBF75C-D0B0-4B93-90F1-50957469CB7A}
		{3FAB987B-BD1C-43E3-B85D-83C1226FA3B1} = {9EBBF75C-D0B0-4B93-90F1-50957469CB7A}
		{36810FF4-7615-435D-98E8-87133D0364B0} = {FA0CC95B-C2DF-4B17-BCBD-361A9C5F6BA7}
		{6BDDDF67-4A18-41DF-BEE7-96B76008CDDD} = {3FAB987B-BD1C-43E3-B85D-83C1226FA3B1}
		{9AD0EA32-641D-41C9-A562-D6D8310B6C5E} = {D499BCE1-654D-4D04-9D14-ECD96E7551A9}
		{EDF9AA57-7831-45C9-9D8B-75A9815C6C81} = {D499BCE1-654D-4D04-9D14-ECD96E7551A9}
		{9794DA9D-E0CA-4DB4-AF57-E83CB2A3753F} = {EDF9AA57-7831-45C9-9D8B-75A9815C6C81}
		{E07462F1-4DDE-461C-B9B2-94293482268E} = {9AD0EA32-641D-41C9-A562-D6D8310B6C5E}
		{83037E71-93CC-4AC3-BDB7-FF35EA576226} = {9AD0EA32-641D-41C9-A562-D6D8310B6C5E}
		{EA07DF00-C912-4189-800E-6DCF381D8A64} = {5A81CB47-51F4-49BF-A0FA-AFFF9DC3AFCE}
		{B9447C3E-4C60-49F6-85A1-C1EADAA9D6C5} = {5A81CB47-51F4-49BF-A0FA-AFFF9DC3AFCE}
		{A1A2FD85-856C-4E22-9111-D6FDEBE077C1} = {EA07DF00-C912-4189-800E-6DCF381D8A64}
		{547AB0CB-8D11-404C-B895-35CB0AD6E66D} = {EA07DF00-C912-4189-800E-6DCF381D8A64}
		{08D3829A-DC60-4016-A5B1-9FDFF9C2DD75} = {B9447C3E-4C60-49F6-85A1-C1EADAA9D6C5}
		{9D4045F9-56FE-4A3D-9679-7C8B158444FD} = {2ED1DDC5-7436-4CD5-98E8-040065A9EAF7}
		{29778B68-9480-49B6-957C-53C132325909} = {2ED1DDC5-7436-4CD5-98E8-040065A9EAF7}
		{060A44A6-7DEC-4469-AFB8-013FDFBEC1CC} = {9D4045F9-56FE-4A3D-9679-7C8B158444FD}
		{501E6FB3-F469-481F-813A-96BDE9EEBECA} = {29778B68-9480-49B6-957C-53C132325909}
		{6D994436-1D65-47D5-A87E-8629E1558D3B} = {D8C20F2E-8F34-4C0A-9138-4C6757A340DA}
		{253D71CD-BDA7-48AD-89D4-7F3C2CBDE1EE} = {8F9E2279-2EE6-4292-8C6D-8F412AC1A571}
	EndGlobalSection
	GlobalSection(ProjectConfigurationPlatforms) = postSolution
		{DA7DDD26-7303-4BB2-893C-1AEE2FE9F7A2}.Debug|Any CPU.ActiveCfg = Debug|Any CPU
		{DA7DDD26-7303-4BB2-893C-1AEE2FE9F7A2}.Debug|Any CPU.Build.0 = Debug|Any CPU
		{DA7DDD26-7303-4BB2-893C-1AEE2FE9F7A2}.Release|Any CPU.ActiveCfg = Release|Any CPU
		{DA7DDD26-7303-4BB2-893C-1AEE2FE9F7A2}.Release|Any CPU.Build.0 = Release|Any CPU
		{495DC984-7188-4486-BC9C-22F3E0399418}.Debug|Any CPU.ActiveCfg = Debug|Any CPU
		{495DC984-7188-4486-BC9C-22F3E0399418}.Debug|Any CPU.Build.0 = Debug|Any CPU
		{495DC984-7188-4486-BC9C-22F3E0399418}.Release|Any CPU.ActiveCfg = Release|Any CPU
		{495DC984-7188-4486-BC9C-22F3E0399418}.Release|Any CPU.Build.0 = Release|Any CPU
		{E7D6BE01-18D8-4AD6-A93D-7FFC093430F0}.Debug|Any CPU.ActiveCfg = Debug|Any CPU
		{E7D6BE01-18D8-4AD6-A93D-7FFC093430F0}.Debug|Any CPU.Build.0 = Debug|Any CPU
		{E7D6BE01-18D8-4AD6-A93D-7FFC093430F0}.Release|Any CPU.ActiveCfg = Release|Any CPU
		{E7D6BE01-18D8-4AD6-A93D-7FFC093430F0}.Release|Any CPU.Build.0 = Release|Any CPU
		{B35FF826-5966-4A34-B90A-2C85DFDDF22A}.Debug|Any CPU.ActiveCfg = Debug|Any CPU
		{B35FF826-5966-4A34-B90A-2C85DFDDF22A}.Debug|Any CPU.Build.0 = Debug|Any CPU
		{B35FF826-5966-4A34-B90A-2C85DFDDF22A}.Release|Any CPU.ActiveCfg = Release|Any CPU
		{B35FF826-5966-4A34-B90A-2C85DFDDF22A}.Release|Any CPU.Build.0 = Release|Any CPU
		{EA177B80-96AB-4230-BD0B-2FA08907FDBC}.Debug|Any CPU.ActiveCfg = Debug|Any CPU
		{EA177B80-96AB-4230-BD0B-2FA08907FDBC}.Debug|Any CPU.Build.0 = Debug|Any CPU
		{EA177B80-96AB-4230-BD0B-2FA08907FDBC}.Release|Any CPU.ActiveCfg = Release|Any CPU
		{EA177B80-96AB-4230-BD0B-2FA08907FDBC}.Release|Any CPU.Build.0 = Release|Any CPU
		{CF184BA7-851D-4D46-91AF-343CB1C58CAD}.Debug|Any CPU.ActiveCfg = Debug|Any CPU
		{CF184BA7-851D-4D46-91AF-343CB1C58CAD}.Debug|Any CPU.Build.0 = Debug|Any CPU
		{CF184BA7-851D-4D46-91AF-343CB1C58CAD}.Release|Any CPU.ActiveCfg = Release|Any CPU
		{CF184BA7-851D-4D46-91AF-343CB1C58CAD}.Release|Any CPU.Build.0 = Release|Any CPU
		{D67F8D9D-C02A-4465-BFE5-8232D58E366E}.Debug|Any CPU.ActiveCfg = Debug|Any CPU
		{D67F8D9D-C02A-4465-BFE5-8232D58E366E}.Debug|Any CPU.Build.0 = Debug|Any CPU
		{D67F8D9D-C02A-4465-BFE5-8232D58E366E}.Release|Any CPU.ActiveCfg = Release|Any CPU
		{D67F8D9D-C02A-4465-BFE5-8232D58E366E}.Release|Any CPU.Build.0 = Release|Any CPU
		{1BDB56D9-7428-4CDE-9D0F-5015CAD3CF59}.Debug|Any CPU.ActiveCfg = Debug|Any CPU
		{1BDB56D9-7428-4CDE-9D0F-5015CAD3CF59}.Debug|Any CPU.Build.0 = Debug|Any CPU
		{1BDB56D9-7428-4CDE-9D0F-5015CAD3CF59}.Release|Any CPU.ActiveCfg = Release|Any CPU
		{1BDB56D9-7428-4CDE-9D0F-5015CAD3CF59}.Release|Any CPU.Build.0 = Release|Any CPU
		{C45E5D27-7A88-4BFE-A9F8-AC0D1CD8E383}.Debug|Any CPU.ActiveCfg = Debug|Any CPU
		{C45E5D27-7A88-4BFE-A9F8-AC0D1CD8E383}.Debug|Any CPU.Build.0 = Debug|Any CPU
		{C45E5D27-7A88-4BFE-A9F8-AC0D1CD8E383}.Release|Any CPU.ActiveCfg = Release|Any CPU
		{C45E5D27-7A88-4BFE-A9F8-AC0D1CD8E383}.Release|Any CPU.Build.0 = Release|Any CPU
		{A0F273AF-488A-41C8-88C3-85395CB8E330}.Debug|Any CPU.ActiveCfg = Debug|Any CPU
		{A0F273AF-488A-41C8-88C3-85395CB8E330}.Debug|Any CPU.Build.0 = Debug|Any CPU
		{A0F273AF-488A-41C8-88C3-85395CB8E330}.Release|Any CPU.ActiveCfg = Release|Any CPU
		{A0F273AF-488A-41C8-88C3-85395CB8E330}.Release|Any CPU.Build.0 = Release|Any CPU
		{99979489-A751-4C5D-A39C-FFB796D8913B}.Debug|Any CPU.ActiveCfg = Debug|Any CPU
		{99979489-A751-4C5D-A39C-FFB796D8913B}.Debug|Any CPU.Build.0 = Debug|Any CPU
		{99979489-A751-4C5D-A39C-FFB796D8913B}.Release|Any CPU.ActiveCfg = Release|Any CPU
		{99979489-A751-4C5D-A39C-FFB796D8913B}.Release|Any CPU.Build.0 = Release|Any CPU
		{B6767A5B-3E49-4EC2-A418-1EDF85D1DC06}.Debug|Any CPU.ActiveCfg = Debug|Any CPU
		{B6767A5B-3E49-4EC2-A418-1EDF85D1DC06}.Debug|Any CPU.Build.0 = Debug|Any CPU
		{B6767A5B-3E49-4EC2-A418-1EDF85D1DC06}.Release|Any CPU.ActiveCfg = Release|Any CPU
		{B6767A5B-3E49-4EC2-A418-1EDF85D1DC06}.Release|Any CPU.Build.0 = Release|Any CPU
		{8AD4C215-37D8-436B-ABF3-F5B78050AF2E}.Debug|Any CPU.ActiveCfg = Debug|Any CPU
		{8AD4C215-37D8-436B-ABF3-F5B78050AF2E}.Debug|Any CPU.Build.0 = Debug|Any CPU
		{8AD4C215-37D8-436B-ABF3-F5B78050AF2E}.Release|Any CPU.ActiveCfg = Release|Any CPU
		{8AD4C215-37D8-436B-ABF3-F5B78050AF2E}.Release|Any CPU.Build.0 = Release|Any CPU
		{9592474B-2D74-4CDD-9F71-128D68C907E2}.Debug|Any CPU.ActiveCfg = Debug|Any CPU
		{9592474B-2D74-4CDD-9F71-128D68C907E2}.Debug|Any CPU.Build.0 = Debug|Any CPU
		{9592474B-2D74-4CDD-9F71-128D68C907E2}.Release|Any CPU.ActiveCfg = Release|Any CPU
		{9592474B-2D74-4CDD-9F71-128D68C907E2}.Release|Any CPU.Build.0 = Release|Any CPU
		{91A16BA3-367E-41D9-93C7-260E6A3C6B80}.Debug|Any CPU.ActiveCfg = Debug|Any CPU
		{91A16BA3-367E-41D9-93C7-260E6A3C6B80}.Debug|Any CPU.Build.0 = Debug|Any CPU
		{91A16BA3-367E-41D9-93C7-260E6A3C6B80}.Release|Any CPU.ActiveCfg = Release|Any CPU
		{91A16BA3-367E-41D9-93C7-260E6A3C6B80}.Release|Any CPU.Build.0 = Release|Any CPU
		{5FAA6B87-19D1-450B-82FB-8E14C32F6222}.Debug|Any CPU.ActiveCfg = Debug|Any CPU
		{5FAA6B87-19D1-450B-82FB-8E14C32F6222}.Debug|Any CPU.Build.0 = Debug|Any CPU
		{5FAA6B87-19D1-450B-82FB-8E14C32F6222}.Release|Any CPU.ActiveCfg = Release|Any CPU
		{5FAA6B87-19D1-450B-82FB-8E14C32F6222}.Release|Any CPU.Build.0 = Release|Any CPU
		{62774FAF-66CC-4823-A8EC-BC2E613EC5CF}.Debug|Any CPU.ActiveCfg = Debug|Any CPU
		{62774FAF-66CC-4823-A8EC-BC2E613EC5CF}.Debug|Any CPU.Build.0 = Debug|Any CPU
		{62774FAF-66CC-4823-A8EC-BC2E613EC5CF}.Release|Any CPU.ActiveCfg = Release|Any CPU
		{62774FAF-66CC-4823-A8EC-BC2E613EC5CF}.Release|Any CPU.Build.0 = Release|Any CPU
		{0012EDA3-7507-48E2-A4ED-757DA821A726}.Debug|Any CPU.ActiveCfg = Debug|Any CPU
		{0012EDA3-7507-48E2-A4ED-757DA821A726}.Debug|Any CPU.Build.0 = Debug|Any CPU
		{0012EDA3-7507-48E2-A4ED-757DA821A726}.Release|Any CPU.ActiveCfg = Release|Any CPU
		{0012EDA3-7507-48E2-A4ED-757DA821A726}.Release|Any CPU.Build.0 = Release|Any CPU
		{790F7C7E-F92A-4E9E-AE47-CF9CAB9DB3A6}.Debug|Any CPU.ActiveCfg = Debug|Any CPU
		{790F7C7E-F92A-4E9E-AE47-CF9CAB9DB3A6}.Debug|Any CPU.Build.0 = Debug|Any CPU
		{790F7C7E-F92A-4E9E-AE47-CF9CAB9DB3A6}.Release|Any CPU.ActiveCfg = Release|Any CPU
		{790F7C7E-F92A-4E9E-AE47-CF9CAB9DB3A6}.Release|Any CPU.Build.0 = Release|Any CPU
		{52835E91-D6FD-4B60-A15A-4505ABD8EF7A}.Debug|Any CPU.ActiveCfg = Debug|Any CPU
		{52835E91-D6FD-4B60-A15A-4505ABD8EF7A}.Debug|Any CPU.Build.0 = Debug|Any CPU
		{52835E91-D6FD-4B60-A15A-4505ABD8EF7A}.Release|Any CPU.ActiveCfg = Release|Any CPU
		{52835E91-D6FD-4B60-A15A-4505ABD8EF7A}.Release|Any CPU.Build.0 = Release|Any CPU
		{FA0F02EE-D6CD-43C4-A228-E59FB6E272A8}.Debug|Any CPU.ActiveCfg = Debug|Any CPU
		{FA0F02EE-D6CD-43C4-A228-E59FB6E272A8}.Debug|Any CPU.Build.0 = Debug|Any CPU
		{FA0F02EE-D6CD-43C4-A228-E59FB6E272A8}.Release|Any CPU.ActiveCfg = Release|Any CPU
		{FA0F02EE-D6CD-43C4-A228-E59FB6E272A8}.Release|Any CPU.Build.0 = Release|Any CPU
		{F8E1EC59-EE63-40B1-9C30-43B38818DC89}.Debug|Any CPU.ActiveCfg = Debug|Any CPU
		{F8E1EC59-EE63-40B1-9C30-43B38818DC89}.Debug|Any CPU.Build.0 = Debug|Any CPU
		{F8E1EC59-EE63-40B1-9C30-43B38818DC89}.Release|Any CPU.ActiveCfg = Release|Any CPU
		{F8E1EC59-EE63-40B1-9C30-43B38818DC89}.Release|Any CPU.Build.0 = Release|Any CPU
		{D9D0FD14-274C-4777-9F5D-759626F8D455}.Debug|Any CPU.ActiveCfg = Debug|Any CPU
		{D9D0FD14-274C-4777-9F5D-759626F8D455}.Debug|Any CPU.Build.0 = Debug|Any CPU
		{D9D0FD14-274C-4777-9F5D-759626F8D455}.Release|Any CPU.ActiveCfg = Release|Any CPU
		{D9D0FD14-274C-4777-9F5D-759626F8D455}.Release|Any CPU.Build.0 = Release|Any CPU
		{0B509A59-C58C-4517-B855-85A6419E47D0}.Debug|Any CPU.ActiveCfg = Debug|Any CPU
		{0B509A59-C58C-4517-B855-85A6419E47D0}.Debug|Any CPU.Build.0 = Debug|Any CPU
		{0B509A59-C58C-4517-B855-85A6419E47D0}.Release|Any CPU.ActiveCfg = Release|Any CPU
		{0B509A59-C58C-4517-B855-85A6419E47D0}.Release|Any CPU.Build.0 = Release|Any CPU
		{0F85CE15-CA66-4731-85DF-025615757E07}.Debug|Any CPU.ActiveCfg = Debug|Any CPU
		{0F85CE15-CA66-4731-85DF-025615757E07}.Debug|Any CPU.Build.0 = Debug|Any CPU
		{0F85CE15-CA66-4731-85DF-025615757E07}.Release|Any CPU.ActiveCfg = Release|Any CPU
		{0F85CE15-CA66-4731-85DF-025615757E07}.Release|Any CPU.Build.0 = Release|Any CPU
		{6930B43D-08C6-4478-AD75-024C3D00C209}.Debug|Any CPU.ActiveCfg = Debug|Any CPU
		{6930B43D-08C6-4478-AD75-024C3D00C209}.Debug|Any CPU.Build.0 = Debug|Any CPU
		{6930B43D-08C6-4478-AD75-024C3D00C209}.Release|Any CPU.ActiveCfg = Release|Any CPU
		{6930B43D-08C6-4478-AD75-024C3D00C209}.Release|Any CPU.Build.0 = Release|Any CPU
		{3B4FFCCE-4717-42A4-925B-7AB04798727F}.Debug|Any CPU.ActiveCfg = Debug|Any CPU
		{3B4FFCCE-4717-42A4-925B-7AB04798727F}.Debug|Any CPU.Build.0 = Debug|Any CPU
		{3B4FFCCE-4717-42A4-925B-7AB04798727F}.Release|Any CPU.ActiveCfg = Release|Any CPU
		{3B4FFCCE-4717-42A4-925B-7AB04798727F}.Release|Any CPU.Build.0 = Release|Any CPU
		{9777BED3-F3C8-4EE9-99FA-BCD8EB9D5011}.Debug|Any CPU.ActiveCfg = Debug|Any CPU
		{9777BED3-F3C8-4EE9-99FA-BCD8EB9D5011}.Debug|Any CPU.Build.0 = Debug|Any CPU
		{9777BED3-F3C8-4EE9-99FA-BCD8EB9D5011}.Release|Any CPU.ActiveCfg = Release|Any CPU
		{9777BED3-F3C8-4EE9-99FA-BCD8EB9D5011}.Release|Any CPU.Build.0 = Release|Any CPU
		{36810FF4-7615-435D-98E8-87133D0364B0}.Debug|Any CPU.ActiveCfg = Debug|Any CPU
		{36810FF4-7615-435D-98E8-87133D0364B0}.Debug|Any CPU.Build.0 = Debug|Any CPU
		{36810FF4-7615-435D-98E8-87133D0364B0}.Release|Any CPU.ActiveCfg = Release|Any CPU
		{36810FF4-7615-435D-98E8-87133D0364B0}.Release|Any CPU.Build.0 = Release|Any CPU
		{6BDDDF67-4A18-41DF-BEE7-96B76008CDDD}.Debug|Any CPU.ActiveCfg = Debug|Any CPU
		{6BDDDF67-4A18-41DF-BEE7-96B76008CDDD}.Debug|Any CPU.Build.0 = Debug|Any CPU
		{6BDDDF67-4A18-41DF-BEE7-96B76008CDDD}.Release|Any CPU.ActiveCfg = Release|Any CPU
		{6BDDDF67-4A18-41DF-BEE7-96B76008CDDD}.Release|Any CPU.Build.0 = Release|Any CPU
		{9794DA9D-E0CA-4DB4-AF57-E83CB2A3753F}.Debug|Any CPU.ActiveCfg = Debug|Any CPU
		{9794DA9D-E0CA-4DB4-AF57-E83CB2A3753F}.Debug|Any CPU.Build.0 = Debug|Any CPU
		{9794DA9D-E0CA-4DB4-AF57-E83CB2A3753F}.Release|Any CPU.ActiveCfg = Release|Any CPU
		{9794DA9D-E0CA-4DB4-AF57-E83CB2A3753F}.Release|Any CPU.Build.0 = Release|Any CPU
		{E07462F1-4DDE-461C-B9B2-94293482268E}.Debug|Any CPU.ActiveCfg = Debug|Any CPU
		{E07462F1-4DDE-461C-B9B2-94293482268E}.Debug|Any CPU.Build.0 = Debug|Any CPU
		{E07462F1-4DDE-461C-B9B2-94293482268E}.Release|Any CPU.ActiveCfg = Release|Any CPU
		{E07462F1-4DDE-461C-B9B2-94293482268E}.Release|Any CPU.Build.0 = Release|Any CPU
		{83037E71-93CC-4AC3-BDB7-FF35EA576226}.Debug|Any CPU.ActiveCfg = Debug|Any CPU
		{83037E71-93CC-4AC3-BDB7-FF35EA576226}.Debug|Any CPU.Build.0 = Debug|Any CPU
		{83037E71-93CC-4AC3-BDB7-FF35EA576226}.Release|Any CPU.ActiveCfg = Release|Any CPU
		{83037E71-93CC-4AC3-BDB7-FF35EA576226}.Release|Any CPU.Build.0 = Release|Any CPU
		{A1A2FD85-856C-4E22-9111-D6FDEBE077C1}.Debug|Any CPU.ActiveCfg = Debug|Any CPU
		{A1A2FD85-856C-4E22-9111-D6FDEBE077C1}.Debug|Any CPU.Build.0 = Debug|Any CPU
		{A1A2FD85-856C-4E22-9111-D6FDEBE077C1}.Release|Any CPU.ActiveCfg = Release|Any CPU
		{A1A2FD85-856C-4E22-9111-D6FDEBE077C1}.Release|Any CPU.Build.0 = Release|Any CPU
		{547AB0CB-8D11-404C-B895-35CB0AD6E66D}.Debug|Any CPU.ActiveCfg = Debug|Any CPU
		{547AB0CB-8D11-404C-B895-35CB0AD6E66D}.Debug|Any CPU.Build.0 = Debug|Any CPU
		{547AB0CB-8D11-404C-B895-35CB0AD6E66D}.Release|Any CPU.ActiveCfg = Release|Any CPU
		{547AB0CB-8D11-404C-B895-35CB0AD6E66D}.Release|Any CPU.Build.0 = Release|Any CPU
		{08D3829A-DC60-4016-A5B1-9FDFF9C2DD75}.Debug|Any CPU.ActiveCfg = Debug|Any CPU
		{08D3829A-DC60-4016-A5B1-9FDFF9C2DD75}.Debug|Any CPU.Build.0 = Debug|Any CPU
		{08D3829A-DC60-4016-A5B1-9FDFF9C2DD75}.Release|Any CPU.ActiveCfg = Release|Any CPU
		{08D3829A-DC60-4016-A5B1-9FDFF9C2DD75}.Release|Any CPU.Build.0 = Release|Any CPU
		{060A44A6-7DEC-4469-AFB8-013FDFBEC1CC}.Debug|Any CPU.ActiveCfg = Debug|Any CPU
		{060A44A6-7DEC-4469-AFB8-013FDFBEC1CC}.Debug|Any CPU.Build.0 = Debug|Any CPU
		{060A44A6-7DEC-4469-AFB8-013FDFBEC1CC}.Release|Any CPU.ActiveCfg = Release|Any CPU
		{060A44A6-7DEC-4469-AFB8-013FDFBEC1CC}.Release|Any CPU.Build.0 = Release|Any CPU
		{501E6FB3-F469-481F-813A-96BDE9EEBECA}.Debug|Any CPU.ActiveCfg = Debug|Any CPU
		{501E6FB3-F469-481F-813A-96BDE9EEBECA}.Debug|Any CPU.Build.0 = Debug|Any CPU
		{501E6FB3-F469-481F-813A-96BDE9EEBECA}.Release|Any CPU.ActiveCfg = Release|Any CPU
		{501E6FB3-F469-481F-813A-96BDE9EEBECA}.Release|Any CPU.Build.0 = Release|Any CPU
		{6D994436-1D65-47D5-A87E-8629E1558D3B}.Debug|Any CPU.ActiveCfg = Debug|Any CPU
		{6D994436-1D65-47D5-A87E-8629E1558D3B}.Debug|Any CPU.Build.0 = Debug|Any CPU
		{6D994436-1D65-47D5-A87E-8629E1558D3B}.Release|Any CPU.ActiveCfg = Release|Any CPU
		{6D994436-1D65-47D5-A87E-8629E1558D3B}.Release|Any CPU.Build.0 = Release|Any CPU
		{253D71CD-BDA7-48AD-89D4-7F3C2CBDE1EE}.Debug|Any CPU.ActiveCfg = Debug|Any CPU
		{253D71CD-BDA7-48AD-89D4-7F3C2CBDE1EE}.Debug|Any CPU.Build.0 = Debug|Any CPU
		{253D71CD-BDA7-48AD-89D4-7F3C2CBDE1EE}.Release|Any CPU.ActiveCfg = Release|Any CPU
		{253D71CD-BDA7-48AD-89D4-7F3C2CBDE1EE}.Release|Any CPU.Build.0 = Release|Any CPU
	EndGlobalSection
EndGlobal
